// !$*UTF8*$!
{
	archiveVersion = 1;
	classes = {
	};
	objectVersion = 46;
	objects = {

/* Begin PBXBuildFile section */
		BFE30A191D66E6B50098D6A2 /* AppDelegate.swift in Sources */ = {isa = PBXBuildFile; fileRef = BFE30A181D66E6B50098D6A2 /* AppDelegate.swift */; };
		BFE30A1B1D66E6B50098D6A2 /* ViewController.swift in Sources */ = {isa = PBXBuildFile; fileRef = BFE30A1A1D66E6B50098D6A2 /* ViewController.swift */; };
		BFE30A1E1D66E6B50098D6A2 /* Main.storyboard in Resources */ = {isa = PBXBuildFile; fileRef = BFE30A1C1D66E6B50098D6A2 /* Main.storyboard */; };
		BFE30A201D66E6B50098D6A2 /* Assets.xcassets in Resources */ = {isa = PBXBuildFile; fileRef = BFE30A1F1D66E6B50098D6A2 /* Assets.xcassets */; };
		BFE30A231D66E6B50098D6A2 /* LaunchScreen.storyboard in Resources */ = {isa = PBXBuildFile; fileRef = BFE30A211D66E6B50098D6A2 /* LaunchScreen.storyboard */; };
		BFE30A2E1D66E6B60098D6A2 /* SwiftyEditorTests.swift in Sources */ = {isa = PBXBuildFile; fileRef = BFE30A2D1D66E6B60098D6A2 /* SwiftyEditorTests.swift */; };
		BFE30A391D66E6B60098D6A2 /* SwiftyEditorUITests.swift in Sources */ = {isa = PBXBuildFile; fileRef = BFE30A381D66E6B60098D6A2 /* SwiftyEditorUITests.swift */; };
		BFE30A471D66E7AD0098D6A2 /* SwiftyEditorView.swift in Sources */ = {isa = PBXBuildFile; fileRef = BFE30A461D66E7AD0098D6A2 /* SwiftyEditorView.swift */; };
		BFE30A4C1D66E99D0098D6A2 /* style.css in Resources */ = {isa = PBXBuildFile; fileRef = BFE30A491D66E99D0098D6A2 /* style.css */; };
		BFE30A4D1D66E99D0098D6A2 /* swifty_editor.js in Resources */ = {isa = PBXBuildFile; fileRef = BFE30A4A1D66E99D0098D6A2 /* swifty_editor.js */; };
		BFE30A4E1D66E99D0098D6A2 /* swifty_editor.html in Resources */ = {isa = PBXBuildFile; fileRef = BFE30A4B1D66E99D0098D6A2 /* swifty_editor.html */; };
/* End PBXBuildFile section */

/* Begin PBXContainerItemProxy section */
		BFE30A2A1D66E6B60098D6A2 /* PBXContainerItemProxy */ = {
			isa = PBXContainerItemProxy;
			containerPortal = BFE30A0D1D66E6B50098D6A2 /* Project object */;
			proxyType = 1;
			remoteGlobalIDString = BFE30A141D66E6B50098D6A2;
			remoteInfo = SwiftyEditor;
		};
		BFE30A351D66E6B60098D6A2 /* PBXContainerItemProxy */ = {
			isa = PBXContainerItemProxy;
			containerPortal = BFE30A0D1D66E6B50098D6A2 /* Project object */;
			proxyType = 1;
			remoteGlobalIDString = BFE30A141D66E6B50098D6A2;
			remoteInfo = SwiftyEditor;
		};
/* End PBXContainerItemProxy section */

/* Begin PBXFileReference section */
		BFE30A151D66E6B50098D6A2 /* SwiftyEditor.app */ = {isa = PBXFileReference; explicitFileType = wrapper.application; includeInIndex = 0; path = SwiftyEditor.app; sourceTree = BUILT_PRODUCTS_DIR; };
		BFE30A181D66E6B50098D6A2 /* AppDelegate.swift */ = {isa = PBXFileReference; lastKnownFileType = sourcecode.swift; path = AppDelegate.swift; sourceTree = "<group>"; };
		BFE30A1A1D66E6B50098D6A2 /* ViewController.swift */ = {isa = PBXFileReference; lastKnownFileType = sourcecode.swift; path = ViewController.swift; sourceTree = "<group>"; };
		BFE30A1D1D66E6B50098D6A2 /* Base */ = {isa = PBXFileReference; lastKnownFileType = file.storyboard; name = Base; path = Base.lproj/Main.storyboard; sourceTree = "<group>"; };
		BFE30A1F1D66E6B50098D6A2 /* Assets.xcassets */ = {isa = PBXFileReference; lastKnownFileType = folder.assetcatalog; path = Assets.xcassets; sourceTree = "<group>"; };
		BFE30A221D66E6B50098D6A2 /* Base */ = {isa = PBXFileReference; lastKnownFileType = file.storyboard; name = Base; path = Base.lproj/LaunchScreen.storyboard; sourceTree = "<group>"; };
		BFE30A241D66E6B50098D6A2 /* Info.plist */ = {isa = PBXFileReference; lastKnownFileType = text.plist.xml; path = Info.plist; sourceTree = "<group>"; };
		BFE30A291D66E6B60098D6A2 /* SwiftyEditorTests.xctest */ = {isa = PBXFileReference; explicitFileType = wrapper.cfbundle; includeInIndex = 0; path = SwiftyEditorTests.xctest; sourceTree = BUILT_PRODUCTS_DIR; };
		BFE30A2D1D66E6B60098D6A2 /* SwiftyEditorTests.swift */ = {isa = PBXFileReference; lastKnownFileType = sourcecode.swift; path = SwiftyEditorTests.swift; sourceTree = "<group>"; };
		BFE30A2F1D66E6B60098D6A2 /* Info.plist */ = {isa = PBXFileReference; lastKnownFileType = text.plist.xml; path = Info.plist; sourceTree = "<group>"; };
		BFE30A341D66E6B60098D6A2 /* SwiftyEditorUITests.xctest */ = {isa = PBXFileReference; explicitFileType = wrapper.cfbundle; includeInIndex = 0; path = SwiftyEditorUITests.xctest; sourceTree = BUILT_PRODUCTS_DIR; };
		BFE30A381D66E6B60098D6A2 /* SwiftyEditorUITests.swift */ = {isa = PBXFileReference; lastKnownFileType = sourcecode.swift; path = SwiftyEditorUITests.swift; sourceTree = "<group>"; };
		BFE30A3A1D66E6B60098D6A2 /* Info.plist */ = {isa = PBXFileReference; lastKnownFileType = text.plist.xml; path = Info.plist; sourceTree = "<group>"; };
		BFE30A461D66E7AD0098D6A2 /* SwiftyEditorView.swift */ = {isa = PBXFileReference; fileEncoding = 4; lastKnownFileType = sourcecode.swift; path = SwiftyEditorView.swift; sourceTree = "<group>"; };
		BFE30A491D66E99D0098D6A2 /* style.css */ = {isa = PBXFileReference; fileEncoding = 4; lastKnownFileType = text.css; path = style.css; sourceTree = "<group>"; };
		BFE30A4A1D66E99D0098D6A2 /* swifty_editor.js */ = {isa = PBXFileReference; fileEncoding = 4; lastKnownFileType = sourcecode.javascript; path = swifty_editor.js; sourceTree = "<group>"; };
		BFE30A4B1D66E99D0098D6A2 /* swifty_editor.html */ = {isa = PBXFileReference; fileEncoding = 4; lastKnownFileType = text.html; path = swifty_editor.html; sourceTree = "<group>"; };
/* End PBXFileReference section */

/* Begin PBXFrameworksBuildPhase section */
		BFE30A121D66E6B50098D6A2 /* Frameworks */ = {
			isa = PBXFrameworksBuildPhase;
			buildActionMask = 2147483647;
			files = (
			);
			runOnlyForDeploymentPostprocessing = 0;
		};
		BFE30A261D66E6B60098D6A2 /* Frameworks */ = {
			isa = PBXFrameworksBuildPhase;
			buildActionMask = 2147483647;
			files = (
			);
			runOnlyForDeploymentPostprocessing = 0;
		};
		BFE30A311D66E6B60098D6A2 /* Frameworks */ = {
			isa = PBXFrameworksBuildPhase;
			buildActionMask = 2147483647;
			files = (
			);
			runOnlyForDeploymentPostprocessing = 0;
		};
/* End PBXFrameworksBuildPhase section */

/* Begin PBXGroup section */
		BFE30A0C1D66E6B50098D6A2 = {
			isa = PBXGroup;
			children = (
				BFE30A171D66E6B50098D6A2 /* SwiftyEditor */,
				BFE30A2C1D66E6B60098D6A2 /* SwiftyEditorTests */,
				BFE30A371D66E6B60098D6A2 /* SwiftyEditorUITests */,
				BFE30A161D66E6B50098D6A2 /* Products */,
			);
			sourceTree = "<group>";
		};
		BFE30A161D66E6B50098D6A2 /* Products */ = {
			isa = PBXGroup;
			children = (
				BFE30A151D66E6B50098D6A2 /* SwiftyEditor.app */,
				BFE30A291D66E6B60098D6A2 /* SwiftyEditorTests.xctest */,
				BFE30A341D66E6B60098D6A2 /* SwiftyEditorUITests.xctest */,
			);
			name = Products;
			sourceTree = "<group>";
		};
		BFE30A171D66E6B50098D6A2 /* SwiftyEditor */ = {
			isa = PBXGroup;
			children = (
				BFE30A481D66E7D30098D6A2 /* Resources */,
				BFE30A461D66E7AD0098D6A2 /* SwiftyEditorView.swift */,
				BFE30A181D66E6B50098D6A2 /* AppDelegate.swift */,
				BFE30A1A1D66E6B50098D6A2 /* ViewController.swift */,
				BFE30A1C1D66E6B50098D6A2 /* Main.storyboard */,
				BFE30A1F1D66E6B50098D6A2 /* Assets.xcassets */,
				BFE30A211D66E6B50098D6A2 /* LaunchScreen.storyboard */,
				BFE30A241D66E6B50098D6A2 /* Info.plist */,
			);
			path = SwiftyEditor;
			sourceTree = "<group>";
		};
		BFE30A2C1D66E6B60098D6A2 /* SwiftyEditorTests */ = {
			isa = PBXGroup;
			children = (
				BFE30A2D1D66E6B60098D6A2 /* SwiftyEditorTests.swift */,
				BFE30A2F1D66E6B60098D6A2 /* Info.plist */,
			);
			path = SwiftyEditorTests;
			sourceTree = "<group>";
		};
		BFE30A371D66E6B60098D6A2 /* SwiftyEditorUITests */ = {
			isa = PBXGroup;
			children = (
				BFE30A381D66E6B60098D6A2 /* SwiftyEditorUITests.swift */,
				BFE30A3A1D66E6B60098D6A2 /* Info.plist */,
			);
			path = SwiftyEditorUITests;
			sourceTree = "<group>";
		};
		BFE30A481D66E7D30098D6A2 /* Resources */ = {
			isa = PBXGroup;
			children = (
				BFE30A491D66E99D0098D6A2 /* style.css */,
				BFE30A4A1D66E99D0098D6A2 /* swifty_editor.js */,
				BFE30A4B1D66E99D0098D6A2 /* swifty_editor.html */,
			);
			path = Resources;
			sourceTree = "<group>";
		};
/* End PBXGroup section */

/* Begin PBXNativeTarget section */
		BFE30A141D66E6B50098D6A2 /* SwiftyEditor */ = {
			isa = PBXNativeTarget;
			buildConfigurationList = BFE30A3D1D66E6B60098D6A2 /* Build configuration list for PBXNativeTarget "SwiftyEditor" */;
			buildPhases = (
				BFE30A111D66E6B50098D6A2 /* Sources */,
				BFE30A121D66E6B50098D6A2 /* Frameworks */,
				BFE30A131D66E6B50098D6A2 /* Resources */,
			);
			buildRules = (
			);
			dependencies = (
			);
			name = SwiftyEditor;
			productName = SwiftyEditor;
			productReference = BFE30A151D66E6B50098D6A2 /* SwiftyEditor.app */;
			productType = "com.apple.product-type.application";
		};
		BFE30A281D66E6B60098D6A2 /* SwiftyEditorTests */ = {
			isa = PBXNativeTarget;
			buildConfigurationList = BFE30A401D66E6B60098D6A2 /* Build configuration list for PBXNativeTarget "SwiftyEditorTests" */;
			buildPhases = (
				BFE30A251D66E6B60098D6A2 /* Sources */,
				BFE30A261D66E6B60098D6A2 /* Frameworks */,
				BFE30A271D66E6B60098D6A2 /* Resources */,
			);
			buildRules = (
			);
			dependencies = (
				BFE30A2B1D66E6B60098D6A2 /* PBXTargetDependency */,
			);
			name = SwiftyEditorTests;
			productName = SwiftyEditorTests;
			productReference = BFE30A291D66E6B60098D6A2 /* SwiftyEditorTests.xctest */;
			productType = "com.apple.product-type.bundle.unit-test";
		};
		BFE30A331D66E6B60098D6A2 /* SwiftyEditorUITests */ = {
			isa = PBXNativeTarget;
			buildConfigurationList = BFE30A431D66E6B60098D6A2 /* Build configuration list for PBXNativeTarget "SwiftyEditorUITests" */;
			buildPhases = (
				BFE30A301D66E6B60098D6A2 /* Sources */,
				BFE30A311D66E6B60098D6A2 /* Frameworks */,
				BFE30A321D66E6B60098D6A2 /* Resources */,
			);
			buildRules = (
			);
			dependencies = (
				BFE30A361D66E6B60098D6A2 /* PBXTargetDependency */,
			);
			name = SwiftyEditorUITests;
			productName = SwiftyEditorUITests;
			productReference = BFE30A341D66E6B60098D6A2 /* SwiftyEditorUITests.xctest */;
			productType = "com.apple.product-type.bundle.ui-testing";
		};
/* End PBXNativeTarget section */

/* Begin PBXProject section */
		BFE30A0D1D66E6B50098D6A2 /* Project object */ = {
			isa = PBXProject;
			attributes = {
				LastSwiftUpdateCheck = 0730;
				LastUpgradeCheck = 0730;
				ORGANIZATIONNAME = Lanford;
				TargetAttributes = {
					BFE30A141D66E6B50098D6A2 = {
						CreatedOnToolsVersion = 7.3;
					};
					BFE30A281D66E6B60098D6A2 = {
						CreatedOnToolsVersion = 7.3;
						TestTargetID = BFE30A141D66E6B50098D6A2;
					};
					BFE30A331D66E6B60098D6A2 = {
						CreatedOnToolsVersion = 7.3;
						TestTargetID = BFE30A141D66E6B50098D6A2;
					};
				};
			};
			buildConfigurationList = BFE30A101D66E6B50098D6A2 /* Build configuration list for PBXProject "SwiftyEditor" */;
			compatibilityVersion = "Xcode 3.2";
			developmentRegion = English;
			hasScannedForEncodings = 0;
			knownRegions = (
				en,
				Base,
			);
			mainGroup = BFE30A0C1D66E6B50098D6A2;
			productRefGroup = BFE30A161D66E6B50098D6A2 /* Products */;
			projectDirPath = "";
			projectRoot = "";
			targets = (
				BFE30A141D66E6B50098D6A2 /* SwiftyEditor */,
				BFE30A281D66E6B60098D6A2 /* SwiftyEditorTests */,
				BFE30A331D66E6B60098D6A2 /* SwiftyEditorUITests */,
			);
		};
/* End PBXProject section */

/* Begin PBXResourcesBuildPhase section */
		BFE30A131D66E6B50098D6A2 /* Resources */ = {
			isa = PBXResourcesBuildPhase;
			buildActionMask = 2147483647;
			files = (
				BFE30A231D66E6B50098D6A2 /* LaunchScreen.storyboard in Resources */,
				BFE30A4E1D66E99D0098D6A2 /* swifty_editor.html in Resources */,
				BFE30A4C1D66E99D0098D6A2 /* style.css in Resources */,
				BFE30A4D1D66E99D0098D6A2 /* swifty_editor.js in Resources */,
				BFE30A201D66E6B50098D6A2 /* Assets.xcassets in Resources */,
				BFE30A1E1D66E6B50098D6A2 /* Main.storyboard in Resources */,
			);
			runOnlyForDeploymentPostprocessing = 0;
		};
		BFE30A271D66E6B60098D6A2 /* Resources */ = {
			isa = PBXResourcesBuildPhase;
			buildActionMask = 2147483647;
			files = (
			);
			runOnlyForDeploymentPostprocessing = 0;
		};
		BFE30A321D66E6B60098D6A2 /* Resources */ = {
			isa = PBXResourcesBuildPhase;
			buildActionMask = 2147483647;
			files = (
			);
			runOnlyForDeploymentPostprocessing = 0;
		};
/* End PBXResourcesBuildPhase section */

/* Begin PBXSourcesBuildPhase section */
		BFE30A111D66E6B50098D6A2 /* Sources */ = {
			isa = PBXSourcesBuildPhase;
			buildActionMask = 2147483647;
			files = (
				BFE30A1B1D66E6B50098D6A2 /* ViewController.swift in Sources */,
				BFE30A191D66E6B50098D6A2 /* AppDelegate.swift in Sources */,
				BFE30A471D66E7AD0098D6A2 /* SwiftyEditorView.swift in Sources */,
			);
			runOnlyForDeploymentPostprocessing = 0;
		};
		BFE30A251D66E6B60098D6A2 /* Sources */ = {
			isa = PBXSourcesBuildPhase;
			buildActionMask = 2147483647;
			files = (
				BFE30A2E1D66E6B60098D6A2 /* SwiftyEditorTests.swift in Sources */,
			);
			runOnlyForDeploymentPostprocessing = 0;
		};
		BFE30A301D66E6B60098D6A2 /* Sources */ = {
			isa = PBXSourcesBuildPhase;
			buildActionMask = 2147483647;
			files = (
				BFE30A391D66E6B60098D6A2 /* SwiftyEditorUITests.swift in Sources */,
			);
			runOnlyForDeploymentPostprocessing = 0;
		};
/* End PBXSourcesBuildPhase section */

/* Begin PBXTargetDependency section */
		BFE30A2B1D66E6B60098D6A2 /* PBXTargetDependency */ = {
			isa = PBXTargetDependency;
			target = BFE30A141D66E6B50098D6A2 /* SwiftyEditor */;
			targetProxy = BFE30A2A1D66E6B60098D6A2 /* PBXContainerItemProxy */;
		};
		BFE30A361D66E6B60098D6A2 /* PBXTargetDependency */ = {
			isa = PBXTargetDependency;
			target = BFE30A141D66E6B50098D6A2 /* SwiftyEditor */;
			targetProxy = BFE30A351D66E6B60098D6A2 /* PBXContainerItemProxy */;
		};
/* End PBXTargetDependency section */

/* Begin PBXVariantGroup section */
		BFE30A1C1D66E6B50098D6A2 /* Main.storyboard */ = {
			isa = PBXVariantGroup;
			children = (
				BFE30A1D1D66E6B50098D6A2 /* Base */,
			);
			name = Main.storyboard;
			sourceTree = "<group>";
		};
		BFE30A211D66E6B50098D6A2 /* LaunchScreen.storyboard */ = {
			isa = PBXVariantGroup;
			children = (
				BFE30A221D66E6B50098D6A2 /* Base */,
			);
			name = LaunchScreen.storyboard;
			sourceTree = "<group>";
		};
/* End PBXVariantGroup section */

/* Begin XCBuildConfiguration section */
		BFE30A3B1D66E6B60098D6A2 /* Debug */ = {
			isa = XCBuildConfiguration;
			buildSettings = {
				ALWAYS_SEARCH_USER_PATHS = NO;
				CLANG_ANALYZER_NONNULL = YES;
				CLANG_CXX_LANGUAGE_STANDARD = "gnu++0x";
				CLANG_CXX_LIBRARY = "libc++";
				CLANG_ENABLE_MODULES = YES;
				CLANG_ENABLE_OBJC_ARC = YES;
				CLANG_WARN_BOOL_CONVERSION = YES;
				CLANG_WARN_CONSTANT_CONVERSION = YES;
				CLANG_WARN_DIRECT_OBJC_ISA_USAGE = YES_ERROR;
				CLANG_WARN_EMPTY_BODY = YES;
				CLANG_WARN_ENUM_CONVERSION = YES;
				CLANG_WARN_INT_CONVERSION = YES;
				CLANG_WARN_OBJC_ROOT_CLASS = YES_ERROR;
				CLANG_WARN_UNREACHABLE_CODE = YES;
				CLANG_WARN__DUPLICATE_METHOD_MATCH = YES;
				"CODE_SIGN_IDENTITY[sdk=iphoneos*]" = "iPhone Developer";
				COPY_PHASE_STRIP = NO;
				DEBUG_INFORMATION_FORMAT = dwarf;
				ENABLE_STRICT_OBJC_MSGSEND = YES;
				ENABLE_TESTABILITY = YES;
				GCC_C_LANGUAGE_STANDARD = gnu99;
				GCC_DYNAMIC_NO_PIC = NO;
				GCC_NO_COMMON_BLOCKS = YES;
				GCC_OPTIMIZATION_LEVEL = 0;
				GCC_PREPROCESSOR_DEFINITIONS = (
					"DEBUG=1",
					"$(inherited)",
				);
				GCC_WARN_64_TO_32_BIT_CONVERSION = YES;
				GCC_WARN_ABOUT_RETURN_TYPE = YES_ERROR;
				GCC_WARN_UNDECLARED_SELECTOR = YES;
				GCC_WARN_UNINITIALIZED_AUTOS = YES_AGGRESSIVE;
				GCC_WARN_UNUSED_FUNCTION = YES;
				GCC_WARN_UNUSED_VARIABLE = YES;
				IPHONEOS_DEPLOYMENT_TARGET = 9.3;
				MTL_ENABLE_DEBUG_INFO = YES;
				ONLY_ACTIVE_ARCH = YES;
				SDKROOT = iphoneos;
				SWIFT_OPTIMIZATION_LEVEL = "-Onone";
				TARGETED_DEVICE_FAMILY = "1,2";
			};
			name = Debug;
		};
		BFE30A3C1D66E6B60098D6A2 /* Release */ = {
			isa = XCBuildConfiguration;
			buildSettings = {
				ALWAYS_SEARCH_USER_PATHS = NO;
				CLANG_ANALYZER_NONNULL = YES;
				CLANG_CXX_LANGUAGE_STANDARD = "gnu++0x";
				CLANG_CXX_LIBRARY = "libc++";
				CLANG_ENABLE_MODULES = YES;
				CLANG_ENABLE_OBJC_ARC = YES;
				CLANG_WARN_BOOL_CONVERSION = YES;
				CLANG_WARN_CONSTANT_CONVERSION = YES;
				CLANG_WARN_DIRECT_OBJC_ISA_USAGE = YES_ERROR;
				CLANG_WARN_EMPTY_BODY = YES;
				CLANG_WARN_ENUM_CONVERSION = YES;
				CLANG_WARN_INT_CONVERSION = YES;
				CLANG_WARN_OBJC_ROOT_CLASS = YES_ERROR;
				CLANG_WARN_UNREACHABLE_CODE = YES;
				CLANG_WARN__DUPLICATE_METHOD_MATCH = YES;
				"CODE_SIGN_IDENTITY[sdk=iphoneos*]" = "iPhone Developer";
				COPY_PHASE_STRIP = NO;
				DEBUG_INFORMATION_FORMAT = "dwarf-with-dsym";
				ENABLE_NS_ASSERTIONS = NO;
				ENABLE_STRICT_OBJC_MSGSEND = YES;
				GCC_C_LANGUAGE_STANDARD = gnu99;
				GCC_NO_COMMON_BLOCKS = YES;
				GCC_WARN_64_TO_32_BIT_CONVERSION = YES;
				GCC_WARN_ABOUT_RETURN_TYPE = YES_ERROR;
				GCC_WARN_UNDECLARED_SELECTOR = YES;
				GCC_WARN_UNINITIALIZED_AUTOS = YES_AGGRESSIVE;
				GCC_WARN_UNUSED_FUNCTION = YES;
				GCC_WARN_UNUSED_VARIABLE = YES;
				IPHONEOS_DEPLOYMENT_TARGET = 9.3;
				MTL_ENABLE_DEBUG_INFO = NO;
				SDKROOT = iphoneos;
				TARGETED_DEVICE_FAMILY = "1,2";
				VALIDATE_PRODUCT = YES;
			};
			name = Release;
		};
		BFE30A3E1D66E6B60098D6A2 /* Debug */ = {
			isa = XCBuildConfiguration;
			buildSettings = {
				ASSETCATALOG_COMPILER_APPICON_NAME = AppIcon;
				INFOPLIST_FILE = SwiftyEditor/Info.plist;
				LD_RUNPATH_SEARCH_PATHS = "$(inherited) @executable_path/Frameworks";
				PRODUCT_BUNDLE_IDENTIFIER = duodianinc.SwiftyEditor;
				PRODUCT_NAME = "$(TARGET_NAME)";
			};
			name = Debug;
		};
		BFE30A3F1D66E6B60098D6A2 /* Release */ = {
			isa = XCBuildConfiguration;
			buildSettings = {
				ASSETCATALOG_COMPILER_APPICON_NAME = AppIcon;
				INFOPLIST_FILE = SwiftyEditor/Info.plist;
				LD_RUNPATH_SEARCH_PATHS = "$(inherited) @executable_path/Frameworks";
				PRODUCT_BUNDLE_IDENTIFIER = duodianinc.SwiftyEditor;
				PRODUCT_NAME = "$(TARGET_NAME)";
			};
			name = Release;
		};
		BFE30A411D66E6B60098D6A2 /* Debug */ = {
			isa = XCBuildConfiguration;
			buildSettings = {
				BUNDLE_LOADER = "$(TEST_HOST)";
				INFOPLIST_FILE = SwiftyEditorTests/Info.plist;
				LD_RUNPATH_SEARCH_PATHS = "$(inherited) @executable_path/Frameworks @loader_path/Frameworks";
				PRODUCT_BUNDLE_IDENTIFIER = duodianinc.SwiftyEditorTests;
				PRODUCT_NAME = "$(TARGET_NAME)";
				TEST_HOST = "$(BUILT_PRODUCTS_DIR)/SwiftyEditor.app/SwiftyEditor";
			};
			name = Debug;
		};
		BFE30A421D66E6B60098D6A2 /* Release */ = {
			isa = XCBuildConfiguration;
			buildSettings = {
				BUNDLE_LOADER = "$(TEST_HOST)";
				INFOPLIST_FILE = SwiftyEditorTests/Info.plist;
				LD_RUNPATH_SEARCH_PATHS = "$(inherited) @executable_path/Frameworks @loader_path/Frameworks";
				PRODUCT_BUNDLE_IDENTIFIER = duodianinc.SwiftyEditorTests;
				PRODUCT_NAME = "$(TARGET_NAME)";
				TEST_HOST = "$(BUILT_PRODUCTS_DIR)/SwiftyEditor.app/SwiftyEditor";
			};
			name = Release;
		};
		BFE30A441D66E6B60098D6A2 /* Debug */ = {
			isa = XCBuildConfiguration;
			buildSettings = {
				INFOPLIST_FILE = SwiftyEditorUITests/Info.plist;
				LD_RUNPATH_SEARCH_PATHS = "$(inherited) @executable_path/Frameworks @loader_path/Frameworks";
				PRODUCT_BUNDLE_IDENTIFIER = duodianinc.SwiftyEditorUITests;
				PRODUCT_NAME = "$(TARGET_NAME)";
				TEST_TARGET_NAME = SwiftyEditor;
			};
			name = Debug;
		};
		BFE30A451D66E6B60098D6A2 /* Release */ = {
			isa = XCBuildConfiguration;
			buildSettings = {
				INFOPLIST_FILE = SwiftyEditorUITests/Info.plist;
				LD_RUNPATH_SEARCH_PATHS = "$(inherited) @executable_path/Frameworks @loader_path/Frameworks";
				PRODUCT_BUNDLE_IDENTIFIER = duodianinc.SwiftyEditorUITests;
				PRODUCT_NAME = "$(TARGET_NAME)";
				TEST_TARGET_NAME = SwiftyEditor;
			};
			name = Release;
		};
/* End XCBuildConfiguration section */

/* Begin XCConfigurationList section */
		BFE30A101D66E6B50098D6A2 /* Build configuration list for PBXProject "SwiftyEditor" */ = {
			isa = XCConfigurationList;
			buildConfigurations = (
				BFE30A3B1D66E6B60098D6A2 /* Debug */,
				BFE30A3C1D66E6B60098D6A2 /* Release */,
			);
			defaultConfigurationIsVisible = 0;
			defaultConfigurationName = Release;
		};
		BFE30A3D1D66E6B60098D6A2 /* Build configuration list for PBXNativeTarget "SwiftyEditor" */ = {
			isa = XCConfigurationList;
			buildConfigurations = (
				BFE30A3E1D66E6B60098D6A2 /* Debug */,
				BFE30A3F1D66E6B60098D6A2 /* Release */,
			);
			defaultConfigurationIsVisible = 0;
			defaultConfigurationName = Release;
		};
		BFE30A401D66E6B60098D6A2 /* Build configuration list for PBXNativeTarget "SwiftyEditorTests" */ = {
			isa = XCConfigurationList;
			buildConfigurations = (
				BFE30A411D66E6B60098D6A2 /* Debug */,
				BFE30A421D66E6B60098D6A2 /* Release */,
			);
			defaultConfigurationIsVisible = 0;
			defaultConfigurationName = Release;
		};
		BFE30A431D66E6B60098D6A2 /* Build configuration list for PBXNativeTarget "SwiftyEditorUITests" */ = {
			isa = XCConfigurationList;
			buildConfigurations = (
				BFE30A441D66E6B60098D6A2 /* Debug */,
				BFE30A451D66E6B60098D6A2 /* Release */,
			);
			defaultConfigurationIsVisible = 0;
			defaultConfigurationName = Release;
		};
/* End XCConfigurationList section */
	};
	rootObject = BFE30A0D1D66E6B50098D6A2 /* Project object */;
}
